
Microsoft Visual Studio Solution File, Format Version 11.00
# Visual Studio 2010
# SharpDevelop 5.1
Project("{FAE04EC0-301F-11D3-BF4B-00C04F79EFBC}") = "coalzConjusture", "coalzConjusture\coalzConjusture.csproj", "{4C7177DC-F7BB-435F-80BA-00667ACA4BEF}"
EndProject
Global
	GlobalSection(SolutionConfigurationPlatforms) = preSolution
		Debug|Any CPU = Debug|Any CPU
		Release|Any CPU = Release|Any CPU
	EndGlobalSection
	GlobalSection(ProjectConfigurationPlatforms) = postSolution
		{4C7177DC-F7BB-435F-80BA-00667ACA4BEF}.Debug|Any CPU.ActiveCfg = Debug|Any CPU
		{4C7177DC-F7BB-435F-80BA-00667ACA4BEF}.Debug|Any CPU.Build.0 = Debug|Any CPU
		{4C7177DC-F7BB-435F-80BA-00667ACA4BEF}.Release|Any CPU.ActiveCfg = Release|Any CPU
		{4C7177DC-F7BB-435F-80BA-00667ACA4BEF}.Release|Any CPU.Build.0 = Release|Any CPU
	EndGlobalSection
EndGlobal
